{
  "name": "Bookstore",
  "lockfileVersion": 3,
  "requires": true,
  "packages": {
    "": {
      "dependencies": {
        "@portone/browser-sdk": "^0.0.3"
      }
    },
    "node_modules/@portone/browser-sdk": {
      "version": "0.0.3",
      "resolved": "https://registry.npmjs.org/@portone/browser-sdk/-/browser-sdk-0.0.3.tgz",
      "integrity": "sha512-1rJFA04haprUils7/76PP5ZttJpOBy35AtetR8Fp6wCSXzwQhKTV6n9UGh6yTsyBQxT0HsiwRrhsENFLhXWBgA=="
    }
  }
}
